
Microsoft Visual Studio Solution File, Format Version 12.00
# Visual Studio Version 17
VisualStudioVersion = 17.11.35312.102
MinimumVisualStudioVersion = 10.0.40219.1
Project("{8BC9CEB8-8B4A-11D0-8D11-00A0C91BC942}") = "Computer Components Configuration", "Computer Components Configuration\Computer Components Configuration.vcxproj", "{9CA71D2D-28E8-4CDE-8A93-D672E42797FF}"
EndProject
Global
	GlobalSection(SolutionConfigurationPlatforms) = preSolution
		Debug|x64 = Debug|x64
		Debug|x86 = Debug|x86
		Release|x64 = Release|x64
		Release|x86 = Release|x86
	EndGlobalSection
	GlobalSection(ProjectConfigurationPlatforms) = postSolution
		{9CA71D2D-28E8-4CDE-8A93-D672E42797FF}.Debug|x64.ActiveCfg = Debug|x64
		{9CA71D2D-28E8-4CDE-8A93-D672E42797FF}.Debug|x64.Build.0 = Debug|x64
		{9CA71D2D-28E8-4CDE-8A93-D672E42797FF}.Debug|x86.ActiveCfg = Debug|Win32
		{9CA71D2D-28E8-4CDE-8A93-D672E42797FF}.Debug|x86.Build.0 = Debug|Win32
		{9CA71D2D-28E8-4CDE-8A93-D672E42797FF}.Release|x64.ActiveCfg = Release|x64
		{9CA71D2D-28E8-4CDE-8A93-D672E42797FF}.Release|x64.Build.0 = Release|x64
		{9CA71D2D-28E8-4CDE-8A93-D672E42797FF}.Release|x86.ActiveCfg = Release|Win32
		{9CA71D2D-28E8-4CDE-8A93-D672E42797FF}.Release|x86.Build.0 = Release|Win32
	EndGlobalSection
	GlobalSection(SolutionProperties) = preSolution
		HideSolutionNode = FALSE
	EndGlobalSection
	GlobalSection(ExtensibilityGlobals) = postSolution
		SolutionGuid = {6E5EC70B-A494-476A-B540-C3B4BBEEF314}
	EndGlobalSection
EndGlobal
